{
  "name": "BLACK-Ice",
  "lockfileVersion": 3,
  "requires": true,
  "packages": {
    "": {
      "dependencies": {
        "@sentry/browser": "^10.43.0",
        "@vercel/analytics": "^1.6.1"
      }
    },
    "node_modules/@sentry-internal/browser-utils": {
      "version": "10.43.0",
      "resolved": "https://registry.npmjs.org/@sentry-internal/browser-utils/-/browser-utils-10.43.0.tgz",
      "integrity": "sha512-8zYTnzhAPvNkVH1Irs62wl0J/c+0QcJ62TonKnzpSFUUD3V5qz8YDZbjIDGfxy+1EB9fO0sxtddKCzwTHF/MbQ==",
      "license": "MIT",
      "dependencies": {
        "@sentry/core": "10.43.0"
      },
      "engines": {
        "node": ">=18"
      }
    },
    "node_modules/@sentry-internal/feedback": {
      "version": "10.43.0",
      "resolved": "https://registry.npmjs.org/@sentry-internal/feedback/-/feedback-10.43.0.tgz",
      "integrity": "sha512-YoXuwluP6eOcQxTeTtaWb090++MrLyWOVsUTejzUQQ6LFL13Jwt+bDPF1kvBugMq4a7OHw/UNKQfd6//rZMn2g==",
      "license": "MIT",
      "dependencies": {
        "@sentry/core": "10.43.0"
      },
      "engines": {
        "node": ">=18"
      }
    },
    "node_modules/@sentry-internal/replay": {
      "version": "10.43.0",
      "resolved": "https://registry.npmjs.org/@sentry-internal/replay/-/replay-10.43.0.tgz",
      "integrity": "sha512-khCXlGrlH1IU7P5zCEAJFestMeH97zDVCekj8OsNNDtN/1BmCJ46k6Xi0EqAUzdJgrOLJeLdoYdgtiIjovZ8Sg==",
      "license": "MIT",
      "dependencies": {
        "@sentry-internal/browser-utils": "10.43.0",
        "@sentry/core": "10.43.0"
      },
      "engines": {
        "node": ">=18"
      }
    },
    "node_modules/@sentry-internal/replay-canvas": {
      "version": "10.43.0",
      "resolved": "https://registry.npmjs.org/@sentry-internal/replay-canvas/-/replay-canvas-10.43.0.tgz",
      "integrity": "sha512-ZIw1UNKOFXo1LbPCJPMAx9xv7D8TMZQusLDUgb6BsPQJj0igAuwd7KRGTkjjgnrwBp2O/sxcQFRhQhknWk7QPg==",
      "license": "MIT",
      "dependencies": {
        "@sentry-internal/replay": "10.43.0",
        "@sentry/core": "10.43.0"
      },
      "engines": {
        "node": ">=18"
      }
    },
    "node_modules/@sentry/browser": {
      "version": "10.43.0",
      "resolved": "https://registry.npmjs.org/@sentry/browser/-/browser-10.43.0.tgz",
      "integrity": "sha512-2V3I3sXi3SMeiZpKixd9ztokSgK27cmvsD9J5oyOyjhGLTW/6QKCwHbKnluMgQMXq20nixQk5zN4wRjRUma3sg==",
      "license": "MIT",
      "dependencies": {
        "@sentry-internal/browser-utils": "10.43.0",
        "@sentry-internal/feedback": "10.43.0",
        "@sentry-internal/replay": "10.43.0",
        "@sentry-internal/replay-canvas": "10.43.0",
        "@sentry/core": "10.43.0"
      },
      "engines": {
        "node": ">=18"
      }
    },
    "node_modules/@sentry/core": {
      "version": "10.43.0",
      "resolved": "https://registry.npmjs.org/@sentry/core/-/core-10.43.0.tgz",
      "integrity": "sha512-l0SszQAPiQGWl/ferw8GP3ALyHXiGiRKJaOvNmhGO+PrTQyZTZ6OYyPnGijAFRg58dE1V3RCH/zw5d2xSUIiNg==",
      "license": "MIT",
      "engines": {
        "node": ">=18"
      }
    },
    "node_modules/@vercel/analytics": {
      "version": "1.6.1",
      "resolved": "https://registry.npmjs.org/@vercel/analytics/-/analytics-1.6.1.tgz",
      "integrity": "sha512-oH9He/bEM+6oKlv3chWuOOcp8Y6fo6/PSro8hEkgCW3pu9/OiCXiUpRUogDh3Fs3LH2sosDrx8CxeOLBEE+afg==",
      "license": "MPL-2.0",
      "peerDependencies": {
        "@remix-run/react": "^2",
        "@sveltejs/kit": "^1 || ^2",
        "next": ">= 13",
        "react": "^18 || ^19 || ^19.0.0-rc",
        "svelte": ">= 4",
        "vue": "^3",
        "vue-router": "^4"
      },
      "peerDependenciesMeta": {
        "@remix-run/react": {
          "optional": true
        },
        "@sveltejs/kit": {
          "optional": true
        },
        "next": {
          "optional": true
        },
        "react": {
          "optional": true
        },
        "svelte": {
          "optional": true
        },
        "vue": {
          "optional": true
        },
        "vue-router": {
          "optional": true
        }
      }
    }
  }
}
